
Microsoft Visual Studio Solution File, Format Version 12.00
# Visual Studio Version 16
VisualStudioVersion = 16.0.30503.244
MinimumVisualStudioVersion = 10.0.40219.1
Project("{FAE04EC0-301F-11D3-BF4B-00C04F79EFBC}") = "BlogLab.Web", "BlogLab.Web\BlogLab.Web.csproj", "{7B74FADC-1523-4C2C-8B4F-A39FEB12B32E}"
EndProject
Global
	GlobalSection(SolutionConfigurationPlatforms) = preSolution
		Debug|Any CPU = Debug|Any CPU
		Release|Any CPU = Release|Any CPU
	EndGlobalSection
	GlobalSection(ProjectConfigurationPlatforms) = postSolution
		{7B74FADC-1523-4C2C-8B4F-A39FEB12B32E}.Debug|Any CPU.ActiveCfg = Debug|Any CPU
		{7B74FADC-1523-4C2C-8B4F-A39FEB12B32E}.Debug|Any CPU.Build.0 = Debug|Any CPU
		{7B74FADC-1523-4C2C-8B4F-A39FEB12B32E}.Release|Any CPU.ActiveCfg = Release|Any CPU
		{7B74FADC-1523-4C2C-8B4F-A39FEB12B32E}.Release|Any CPU.Build.0 = Release|Any CPU
	EndGlobalSection
	GlobalSection(SolutionProperties) = preSolution
		HideSolutionNode = FALSE
	EndGlobalSection
	GlobalSection(ExtensibilityGlobals) = postSolution
		SolutionGuid = {F68B7C12-18AE-412E-96E4-6FB8E7144C1B}
	EndGlobalSection
EndGlobal
